{
  "nodes": {
    "flake-compat": {
      "flake": false,
      "locked": {
        "lastModified": 1627913399,
        "narHash": "sha256-hY8g6H2KFL8ownSiFeMOjwPC8P0ueXpCVEbxgda3pko=",
        "owner": "edolstra",
        "repo": "flake-compat",
        "rev": "12c64ca55c1014cdc1b16ed5a804aa8576601ff2",
        "type": "github"
      },
      "original": {
        "owner": "edolstra",
        "repo": "flake-compat",
        "type": "github"
      }
    },
    "flake-compat_2": {
      "flake": false,
      "locked": {
        "lastModified": 1673956053,
        "narHash": "sha256-4gtG9iQuiKITOjNQQeQIpoIB6b16fm+504Ch3sNKLd8=",
        "owner": "edolstra",
        "repo": "flake-compat",
        "rev": "35bb57c0c8d8b62bbfd284272c928ceb64ddbde9",
        "type": "github"
      },
      "original": {
        "owner": "edolstra",
        "repo": "flake-compat",
        "type": "github"
      }
    },
    "flake-parts": {
      "inputs": {
        "nixpkgs-lib": "nixpkgs-lib"
      },
      "locked": {
        "lastModified": 1674771137,
        "narHash": "sha256-Zpk1GbEsYrqKmuIZkx+f+8pU0qcCYJoSUwNz1Zk+R00=",
        "owner": "hercules-ci",
        "repo": "flake-parts",
        "rev": "7c7a8bce3dffe71203dcd4276504d1cb49dfe05f",
        "type": "github"
      },
      "original": {
        "owner": "hercules-ci",
        "repo": "flake-parts",
        "type": "github"
      }
    },
    "flake-utils": {
      "locked": {
        "lastModified": 1638122382,
        "narHash": "sha256-sQzZzAbvKEqN9s0bzWuYmRaA03v40gaJ4+iL1LXjaeI=",
        "owner": "numtide",
        "repo": "flake-utils",
        "rev": "74f7e4319258e287b0f9cb95426c9853b282730b",
        "type": "github"
      },
      "original": {
        "owner": "numtide",
        "repo": "flake-utils",
        "type": "github"
      }
    },
    "flake-utils_2": {
      "locked": {
        "lastModified": 1667395993,
        "narHash": "sha256-nuEHfE/LcWyuSWnS8t12N1wc105Qtau+/OdUAjtQ0rA=",
        "owner": "numtide",
        "repo": "flake-utils",
        "rev": "5aed5285a952e0b949eb3ba02c12fa4fcfef535f",
        "type": "github"
      },
      "original": {
        "owner": "numtide",
        "repo": "flake-utils",
        "type": "github"
      }
    },
    "gitignore": {
      "inputs": {
        "nixpkgs": [
          "pre-commit-hooks",
          "nixpkgs"
        ]
      },
      "locked": {
        "lastModified": 1660459072,
        "narHash": "sha256-8DFJjXG8zqoONA1vXtgeKXy68KdJL5UaXR8NtVMUbx8=",
        "owner": "hercules-ci",
        "repo": "gitignore.nix",
        "rev": "a20de23b925fd8264fd7fad6454652e142fd7f73",
        "type": "github"
      },
      "original": {
        "owner": "hercules-ci",
        "repo": "gitignore.nix",
        "type": "github"
      }
    },
    "mirage-opam-overlays": {
      "flake": false,
      "locked": {
        "lastModified": 1661959605,
        "narHash": "sha256-CPTuhYML3F4J58flfp3ZbMNhkRkVFKmBEYBZY5tnQwA=",
        "owner": "dune-universe",
        "repo": "mirage-opam-overlays",
        "rev": "05f1c1823d891ce4d8adab91f5db3ac51d86dc0b",
        "type": "github"
      },
      "original": {
        "owner": "dune-universe",
        "repo": "mirage-opam-overlays",
        "type": "github"
      }
    },
    "nixpkgs": {
      "locked": {
        "lastModified": 1680266499,
        "narHash": "sha256-mk5pxO0X0kWIXWVbuH/vYYptqCBoI09jATq6g3FpFgQ=",
        "owner": "nixos",
        "repo": "nixpkgs",
        "rev": "e2d484ff7fac2408e045a4aac60cf102c3960a01",
        "type": "github"
      },
      "original": {
        "owner": "nixos",
        "repo": "nixpkgs",
        "type": "github"
      }
    },
    "nixpkgs-lib": {
      "locked": {
        "dir": "lib",
        "lastModified": 1672350804,
        "narHash": "sha256-jo6zkiCabUBn3ObuKXHGqqORUMH27gYDIFFfLq5P4wg=",
        "owner": "NixOS",
        "repo": "nixpkgs",
        "rev": "677ed08a50931e38382dbef01cba08a8f7eac8f6",
        "type": "github"
      },
      "original": {
        "dir": "lib",
        "owner": "NixOS",
        "ref": "nixos-unstable",
        "repo": "nixpkgs",
        "type": "github"
      }
    },
    "nixpkgs-stable": {
      "locked": {
        "lastModified": 1678872516,
        "narHash": "sha256-/E1YwtMtFAu2KUQKV/1+KFuReYPANM2Rzehk84VxVoc=",
        "owner": "NixOS",
        "repo": "nixpkgs",
        "rev": "9b8e5abb18324c7fe9f07cb100c3cd4a29cda8b8",
        "type": "github"
      },
      "original": {
        "owner": "NixOS",
        "ref": "nixos-22.11",
        "repo": "nixpkgs",
        "type": "github"
      }
    },
    "opam-nix": {
      "inputs": {
        "flake-compat": "flake-compat",
        "flake-utils": "flake-utils",
        "mirage-opam-overlays": "mirage-opam-overlays",
        "nixpkgs": [
          "nixpkgs"
        ],
        "opam-overlays": "opam-overlays",
        "opam-repository": "opam-repository",
        "opam2json": "opam2json"
      },
      "locked": {
        "lastModified": 1670004517,
        "narHash": "sha256-7SffiN2S9pVfOoBCcEdY/iJe28p/eiRqVLXG7/8Jb3I=",
        "owner": "tweag",
        "repo": "opam-nix",
        "rev": "b12b7fcd6f9ea0a8a939c05c68a95525f0d80af6",
        "type": "github"
      },
      "original": {
        "owner": "tweag",
        "repo": "opam-nix",
        "type": "github"
      }
    },
    "opam-overlays": {
      "flake": false,
      "locked": {
        "lastModified": 1654162756,
        "narHash": "sha256-RV68fUK+O3zTx61iiHIoS0LvIk0E4voMp+0SwRg6G6c=",
        "owner": "dune-universe",
        "repo": "opam-overlays",
        "rev": "c8f6ef0fc5272f254df4a971a47de7848cc1c8a4",
        "type": "github"
      },
      "original": {
        "owner": "dune-universe",
        "repo": "opam-overlays",
        "type": "github"
      }
    },
    "opam-repository": {
      "flake": false,
      "locked": {
        "lastModified": 1661161626,
        "narHash": "sha256-J3P+mXLwE2oEKTlMnx8sYRxwD/uNGSKM0AkAB7BNTxA=",
        "owner": "ocaml",
        "repo": "opam-repository",
        "rev": "54e69ff0949a3aaec0d5e3d67898bb7f279ab09f",
        "type": "github"
      },
      "original": {
        "owner": "ocaml",
        "repo": "opam-repository",
        "type": "github"
      }
    },
    "opam2json": {
      "inputs": {
        "nixpkgs": [
          "opam-nix",
          "nixpkgs"
        ]
      },
      "locked": {
        "lastModified": 1665671715,
        "narHash": "sha256-7f75C6fIkiLzfkwLpJxlQIKf+YORGsXGV8Dr2LDDi+A=",
        "owner": "tweag",
        "repo": "opam2json",
        "rev": "32fa2dcd993a27f9e75ee46fb8b78a7cd5d05113",
        "type": "github"
      },
      "original": {
        "owner": "tweag",
        "repo": "opam2json",
        "type": "github"
      }
    },
    "pre-commit-hooks": {
      "inputs": {
        "flake-compat": "flake-compat_2",
        "flake-utils": "flake-utils_2",
        "gitignore": "gitignore",
        "nixpkgs": [
          "nixpkgs"
        ],
        "nixpkgs-stable": "nixpkgs-stable"
      },
      "locked": {
        "lastModified": 1680170909,
        "narHash": "sha256-FtKU/edv1jFRr/KwUxWTYWXEyj9g8GBrHntC2o8oFI8=",
        "owner": "cachix",
        "repo": "pre-commit-hooks.nix",
        "rev": "29dbe1efaa91c3a415d8b45d62d48325a4748816",
        "type": "github"
      },
      "original": {
        "owner": "cachix",
        "repo": "pre-commit-hooks.nix",
        "type": "github"
      }
    },
    "root": {
      "inputs": {
        "flake-parts": "flake-parts",
        "nixpkgs": "nixpkgs",
        "opam-nix": "opam-nix",
        "pre-commit-hooks": "pre-commit-hooks"
      }
    }
  },
  "root": "root",
  "version": 7
}
